// !$*UTF8*$!
{
	archiveVersion = 1;
	classes = {
	};
	objectVersion = 46;
	objects = {

/* Begin PBXBuildFile section */
		750048C0B779DDBB2661D718 /* Pods_TKOSeatGeek.framework in Frameworks */ = {isa = PBXBuildFile; fileRef = E0E010120934BE5C4876688B /* Pods_TKOSeatGeek.framework */; };
		9F476C09F83FFA7CF0ED969B /* Pods_TKOSeatGeek_TKOSeatGeekTests.framework in Frameworks */ = {isa = PBXBuildFile; fileRef = D2DB260C612A40D79753D79C /* Pods_TKOSeatGeek_TKOSeatGeekTests.framework */; };
		CB3BCFD41E93FB8C00A3D813 /* API.swift in Sources */ = {isa = PBXBuildFile; fileRef = CB3BCFD31E93FB8C00A3D813 /* API.swift */; };
		CB3BCFD61E93FE7000A3D813 /* APITests.swift in Sources */ = {isa = PBXBuildFile; fileRef = CB3BCFD51E93FE7000A3D813 /* APITests.swift */; };
		CB89AE5E1E93DE6400208E71 /* AppDelegate.swift in Sources */ = {isa = PBXBuildFile; fileRef = CB89AE5D1E93DE6400208E71 /* AppDelegate.swift */; };
		CB89AE651E93DE6400208E71 /* Assets.xcassets in Resources */ = {isa = PBXBuildFile; fileRef = CB89AE641E93DE6400208E71 /* Assets.xcassets */; };
		CB89AE681E93DE6400208E71 /* LaunchScreen.storyboard in Resources */ = {isa = PBXBuildFile; fileRef = CB89AE661E93DE6400208E71 /* LaunchScreen.storyboard */; };
		CBBE7D751E9676B900968DCF /* IntroView.storyboard in Resources */ = {isa = PBXBuildFile; fileRef = CBBE7D741E9676B900968DCF /* IntroView.storyboard */; };
		CBBE7D771E9676DC00968DCF /* IntroViewController.swift in Sources */ = {isa = PBXBuildFile; fileRef = CBBE7D761E9676DC00968DCF /* IntroViewController.swift */; };
		CBBE7D7A1E96AA5D00968DCF /* SearchViewController.swift in Sources */ = {isa = PBXBuildFile; fileRef = CBBE7D791E96AA5D00968DCF /* SearchViewController.swift */; };
		CBBE7D7C1E96AA7600968DCF /* SearchView.storyboard in Resources */ = {isa = PBXBuildFile; fileRef = CBBE7D7B1E96AA7600968DCF /* SearchView.storyboard */; };
		CBBE7D7E1E99023F00968DCF /* SearchViewModel.swift in Sources */ = {isa = PBXBuildFile; fileRef = CBBE7D7D1E99023F00968DCF /* SearchViewModel.swift */; };
		CBBE7D811E990E1800968DCF /* EventSet.swift in Sources */ = {isa = PBXBuildFile; fileRef = CBBE7D801E990E1800968DCF /* EventSet.swift */; };
		CBBE7D831E99104500968DCF /* Event.swift in Sources */ = {isa = PBXBuildFile; fileRef = CBBE7D821E99104500968DCF /* Event.swift */; };
		CBC9E7F31E94224900F52E05 /* APIRequestTests.swift in Sources */ = {isa = PBXBuildFile; fileRef = CBC9E7F21E94224900F52E05 /* APIRequestTests.swift */; };
		CBC9E7F51E942BCB00F52E05 /* Endpoints.swift in Sources */ = {isa = PBXBuildFile; fileRef = CBC9E7F41E942BCB00F52E05 /* Endpoints.swift */; };
		CBC9E7F91E94349400F52E05 /* EndpointTests.swift in Sources */ = {isa = PBXBuildFile; fileRef = CBC9E7F81E94349400F52E05 /* EndpointTests.swift */; };
		CBC9E7FB1E94362800F52E05 /* events-200.response in Resources */ = {isa = PBXBuildFile; fileRef = CBC9E7FA1E94362800F52E05 /* events-200.response */; };
		CBC9E7FD1E9437DE00F52E05 /* event-200.response in Resources */ = {isa = PBXBuildFile; fileRef = CBC9E7FC1E9437DE00F52E05 /* event-200.response */; };
		CBC9E8001E94398100F52E05 /* venue-200.response in Resources */ = {isa = PBXBuildFile; fileRef = CBC9E7FE1E94398100F52E05 /* venue-200.response */; };
		CBC9E8011E94398100F52E05 /* venues-200.response in Resources */ = {isa = PBXBuildFile; fileRef = CBC9E7FF1E94398100F52E05 /* venues-200.response */; };
		CBC9E8041E943A4900F52E05 /* performer-200.response in Resources */ = {isa = PBXBuildFile; fileRef = CBC9E8021E943A4900F52E05 /* performer-200.response */; };
		CBC9E8051E943A4900F52E05 /* performers-200.response in Resources */ = {isa = PBXBuildFile; fileRef = CBC9E8031E943A4900F52E05 /* performers-200.response */; };
/* End PBXBuildFile section */

/* Begin PBXContainerItemProxy section */
		CB89AE6F1E93DE6400208E71 /* PBXContainerItemProxy */ = {
			isa = PBXContainerItemProxy;
			containerPortal = CB89AE521E93DE6400208E71 /* Project object */;
			proxyType = 1;
			remoteGlobalIDString = CB89AE591E93DE6400208E71;
			remoteInfo = TKOSeatGeek;
		};
/* End PBXContainerItemProxy section */

/* Begin PBXFileReference section */
		0997BA0767E7A71EC5A5DC1C /* Pods-TKOSeatGeek.debug.xcconfig */ = {isa = PBXFileReference; includeInIndex = 1; lastKnownFileType = text.xcconfig; name = "Pods-TKOSeatGeek.debug.xcconfig"; path = "Pods/Target Support Files/Pods-TKOSeatGeek/Pods-TKOSeatGeek.debug.xcconfig"; sourceTree = "<group>"; };
		24C0511321364F3011B7D1BA /* Pods-TKOSeatGeekTests.release.xcconfig */ = {isa = PBXFileReference; includeInIndex = 1; lastKnownFileType = text.xcconfig; name = "Pods-TKOSeatGeekTests.release.xcconfig"; path = "Pods/Target Support Files/Pods-TKOSeatGeekTests/Pods-TKOSeatGeekTests.release.xcconfig"; sourceTree = "<group>"; };
		260A9CC797AD7EB6593A7D8C /* Pods-TKOSeatGeekTests.debug.xcconfig */ = {isa = PBXFileReference; includeInIndex = 1; lastKnownFileType = text.xcconfig; name = "Pods-TKOSeatGeekTests.debug.xcconfig"; path = "Pods/Target Support Files/Pods-TKOSeatGeekTests/Pods-TKOSeatGeekTests.debug.xcconfig"; sourceTree = "<group>"; };
		537C8FBF358EAC80F862E8D7 /* Pods_TKOSeatGeekTests.framework */ = {isa = PBXFileReference; explicitFileType = wrapper.framework; includeInIndex = 0; path = Pods_TKOSeatGeekTests.framework; sourceTree = BUILT_PRODUCTS_DIR; };
		5E2988D8160462B601B20F72 /* Pods-TKOSeatGeek-TKOSeatGeekTests.debug.xcconfig */ = {isa = PBXFileReference; includeInIndex = 1; lastKnownFileType = text.xcconfig; name = "Pods-TKOSeatGeek-TKOSeatGeekTests.debug.xcconfig"; path = "Pods/Target Support Files/Pods-TKOSeatGeek-TKOSeatGeekTests/Pods-TKOSeatGeek-TKOSeatGeekTests.debug.xcconfig"; sourceTree = "<group>"; };
		CB3BCFD31E93FB8C00A3D813 /* API.swift */ = {isa = PBXFileReference; fileEncoding = 4; lastKnownFileType = sourcecode.swift; name = API.swift; path = API/API.swift; sourceTree = "<group>"; };
		CB3BCFD51E93FE7000A3D813 /* APITests.swift */ = {isa = PBXFileReference; fileEncoding = 4; lastKnownFileType = sourcecode.swift; name = APITests.swift; path = API/APITests.swift; sourceTree = "<group>"; };
		CB89AE5A1E93DE6400208E71 /* TKOSeatGeek.app */ = {isa = PBXFileReference; explicitFileType = wrapper.application; includeInIndex = 0; path = TKOSeatGeek.app; sourceTree = BUILT_PRODUCTS_DIR; };
		CB89AE5D1E93DE6400208E71 /* AppDelegate.swift */ = {isa = PBXFileReference; lastKnownFileType = sourcecode.swift; path = AppDelegate.swift; sourceTree = "<group>"; };
		CB89AE641E93DE6400208E71 /* Assets.xcassets */ = {isa = PBXFileReference; lastKnownFileType = folder.assetcatalog; path = Assets.xcassets; sourceTree = "<group>"; };
		CB89AE671E93DE6400208E71 /* Base */ = {isa = PBXFileReference; lastKnownFileType = file.storyboard; name = Base; path = Base.lproj/LaunchScreen.storyboard; sourceTree = "<group>"; };
		CB89AE691E93DE6400208E71 /* Info.plist */ = {isa = PBXFileReference; lastKnownFileType = text.plist.xml; path = Info.plist; sourceTree = "<group>"; };
		CB89AE6E1E93DE6400208E71 /* TKOSeatGeekTests.xctest */ = {isa = PBXFileReference; explicitFileType = wrapper.cfbundle; includeInIndex = 0; path = TKOSeatGeekTests.xctest; sourceTree = BUILT_PRODUCTS_DIR; };
		CB89AE741E93DE6400208E71 /* Info.plist */ = {isa = PBXFileReference; lastKnownFileType = text.plist.xml; path = Info.plist; sourceTree = "<group>"; };
		CBBE7D741E9676B900968DCF /* IntroView.storyboard */ = {isa = PBXFileReference; fileEncoding = 4; lastKnownFileType = file.storyboard; name = IntroView.storyboard; path = Views/Intro/IntroView.storyboard; sourceTree = "<group>"; };
		CBBE7D761E9676DC00968DCF /* IntroViewController.swift */ = {isa = PBXFileReference; fileEncoding = 4; lastKnownFileType = sourcecode.swift; name = IntroViewController.swift; path = Views/Intro/IntroViewController.swift; sourceTree = "<group>"; };
		CBBE7D791E96AA5D00968DCF /* SearchViewController.swift */ = {isa = PBXFileReference; fileEncoding = 4; lastKnownFileType = sourcecode.swift; name = SearchViewController.swift; path = Views/Search/SearchViewController.swift; sourceTree = "<group>"; };
		CBBE7D7B1E96AA7600968DCF /* SearchView.storyboard */ = {isa = PBXFileReference; fileEncoding = 4; lastKnownFileType = file.storyboard; name = SearchView.storyboard; path = Views/Search/SearchView.storyboard; sourceTree = "<group>"; };
		CBBE7D7D1E99023F00968DCF /* SearchViewModel.swift */ = {isa = PBXFileReference; fileEncoding = 4; lastKnownFileType = sourcecode.swift; path = SearchViewModel.swift; sourceTree = "<group>"; };
		CBBE7D801E990E1800968DCF /* EventSet.swift */ = {isa = PBXFileReference; fileEncoding = 4; lastKnownFileType = sourcecode.swift; name = EventSet.swift; path = Models/EventSet.swift; sourceTree = "<group>"; };
		CBBE7D821E99104500968DCF /* Event.swift */ = {isa = PBXFileReference; fileEncoding = 4; lastKnownFileType = sourcecode.swift; name = Event.swift; path = Models/Event.swift; sourceTree = "<group>"; };
		CBC9E7F21E94224900F52E05 /* APIRequestTests.swift */ = {isa = PBXFileReference; fileEncoding = 4; lastKnownFileType = sourcecode.swift; name = APIRequestTests.swift; path = API/APIRequestTests.swift; sourceTree = "<group>"; };
		CBC9E7F41E942BCB00F52E05 /* Endpoints.swift */ = {isa = PBXFileReference; fileEncoding = 4; lastKnownFileType = sourcecode.swift; name = Endpoints.swift; path = API/Endpoints.swift; sourceTree = "<group>"; };
		CBC9E7F81E94349400F52E05 /* EndpointTests.swift */ = {isa = PBXFileReference; fileEncoding = 4; lastKnownFileType = sourcecode.swift; name = EndpointTests.swift; path = API/Endpoints/EndpointTests.swift; sourceTree = "<group>"; };
		CBC9E7FA1E94362800F52E05 /* events-200.response */ = {isa = PBXFileReference; fileEncoding = 4; lastKnownFileType = text; name = "events-200.response"; path = "API/Responses/events-200.response"; sourceTree = "<group>"; };
		CBC9E7FC1E9437DE00F52E05 /* event-200.response */ = {isa = PBXFileReference; fileEncoding = 4; lastKnownFileType = text; name = "event-200.response"; path = "API/Responses/event-200.response"; sourceTree = "<group>"; };
		CBC9E7FE1E94398100F52E05 /* venue-200.response */ = {isa = PBXFileReference; fileEncoding = 4; lastKnownFileType = text; name = "venue-200.response"; path = "API/Responses/venue-200.response"; sourceTree = "<group>"; };
		CBC9E7FF1E94398100F52E05 /* venues-200.response */ = {isa = PBXFileReference; fileEncoding = 4; lastKnownFileType = text; name = "venues-200.response"; path = "API/Responses/venues-200.response"; sourceTree = "<group>"; };
		CBC9E8021E943A4900F52E05 /* performer-200.response */ = {isa = PBXFileReference; fileEncoding = 4; lastKnownFileType = text; name = "performer-200.response"; path = "API/Responses/performer-200.response"; sourceTree = "<group>"; };
		CBC9E8031E943A4900F52E05 /* performers-200.response */ = {isa = PBXFileReference; fileEncoding = 4; lastKnownFileType = text; name = "performers-200.response"; path = "API/Responses/performers-200.response"; sourceTree = "<group>"; };
		CF71451F2519AED3D02D65C4 /* Pods-TKOSeatGeek-TKOSeatGeekTests.release.xcconfig */ = {isa = PBXFileReference; includeInIndex = 1; lastKnownFileType = text.xcconfig; name = "Pods-TKOSeatGeek-TKOSeatGeekTests.release.xcconfig"; path = "Pods/Target Support Files/Pods-TKOSeatGeek-TKOSeatGeekTests/Pods-TKOSeatGeek-TKOSeatGeekTests.release.xcconfig"; sourceTree = "<group>"; };
		D2DB260C612A40D79753D79C /* Pods_TKOSeatGeek_TKOSeatGeekTests.framework */ = {isa = PBXFileReference; explicitFileType = wrapper.framework; includeInIndex = 0; path = Pods_TKOSeatGeek_TKOSeatGeekTests.framework; sourceTree = BUILT_PRODUCTS_DIR; };
		E0E010120934BE5C4876688B /* Pods_TKOSeatGeek.framework */ = {isa = PBXFileReference; explicitFileType = wrapper.framework; includeInIndex = 0; path = Pods_TKOSeatGeek.framework; sourceTree = BUILT_PRODUCTS_DIR; };
		F8862F343E3ACDCAFDF43BA2 /* Pods-TKOSeatGeek.release.xcconfig */ = {isa = PBXFileReference; includeInIndex = 1; lastKnownFileType = text.xcconfig; name = "Pods-TKOSeatGeek.release.xcconfig"; path = "Pods/Target Support Files/Pods-TKOSeatGeek/Pods-TKOSeatGeek.release.xcconfig"; sourceTree = "<group>"; };
/* End PBXFileReference section */

/* Begin PBXFrameworksBuildPhase section */
		CB89AE571E93DE6400208E71 /* Frameworks */ = {
			isa = PBXFrameworksBuildPhase;
			buildActionMask = 2147483647;
			files = (
				750048C0B779DDBB2661D718 /* Pods_TKOSeatGeek.framework in Frameworks */,
			);
			runOnlyForDeploymentPostprocessing = 0;
		};
		CB89AE6B1E93DE6400208E71 /* Frameworks */ = {
			isa = PBXFrameworksBuildPhase;
			buildActionMask = 2147483647;
			files = (
				9F476C09F83FFA7CF0ED969B /* Pods_TKOSeatGeek_TKOSeatGeekTests.framework in Frameworks */,
			);
			runOnlyForDeploymentPostprocessing = 0;
		};
/* End PBXFrameworksBuildPhase section */

/* Begin PBXGroup section */
		1F6311E23D078F343D805E15 /* Frameworks */ = {
			isa = PBXGroup;
			children = (
				E0E010120934BE5C4876688B /* Pods_TKOSeatGeek.framework */,
				537C8FBF358EAC80F862E8D7 /* Pods_TKOSeatGeekTests.framework */,
				D2DB260C612A40D79753D79C /* Pods_TKOSeatGeek_TKOSeatGeekTests.framework */,
			);
			name = Frameworks;
			sourceTree = "<group>";
		};
		26C182D67003A27ABA79E9C2 /* Pods */ = {
			isa = PBXGroup;
			children = (
				0997BA0767E7A71EC5A5DC1C /* Pods-TKOSeatGeek.debug.xcconfig */,
				F8862F343E3ACDCAFDF43BA2 /* Pods-TKOSeatGeek.release.xcconfig */,
				260A9CC797AD7EB6593A7D8C /* Pods-TKOSeatGeekTests.debug.xcconfig */,
				24C0511321364F3011B7D1BA /* Pods-TKOSeatGeekTests.release.xcconfig */,
				5E2988D8160462B601B20F72 /* Pods-TKOSeatGeek-TKOSeatGeekTests.debug.xcconfig */,
				CF71451F2519AED3D02D65C4 /* Pods-TKOSeatGeek-TKOSeatGeekTests.release.xcconfig */,
			);
			name = Pods;
			sourceTree = "<group>";
		};
		CB3BCFD11E93FB1800A3D813 /* API */ = {
			isa = PBXGroup;
			children = (
				CB3BCFD31E93FB8C00A3D813 /* API.swift */,
				CBC9E7F41E942BCB00F52E05 /* Endpoints.swift */,
			);
			name = API;
			sourceTree = "<group>";
		};
		CB3BCFD21E93FB5C00A3D813 /* API */ = {
			isa = PBXGroup;
			children = (
				CBC9E7F71E9433D300F52E05 /* Endpoints */,
				CBC9E7F61E9433C900F52E05 /* Responses */,
				CB3BCFD51E93FE7000A3D813 /* APITests.swift */,
				CBC9E7F21E94224900F52E05 /* APIRequestTests.swift */,
			);
			name = API;
			sourceTree = "<group>";
		};
		CB89AE511E93DE6400208E71 = {
			isa = PBXGroup;
			children = (
				CB89AE5C1E93DE6400208E71 /* TKOSeatGeek */,
				CB89AE711E93DE6400208E71 /* TKOSeatGeekTests */,
				CB89AE5B1E93DE6400208E71 /* Products */,
				26C182D67003A27ABA79E9C2 /* Pods */,
				1F6311E23D078F343D805E15 /* Frameworks */,
			);
			sourceTree = "<group>";
		};
		CB89AE5B1E93DE6400208E71 /* Products */ = {
			isa = PBXGroup;
			children = (
				CB89AE5A1E93DE6400208E71 /* TKOSeatGeek.app */,
				CB89AE6E1E93DE6400208E71 /* TKOSeatGeekTests.xctest */,
			);
			name = Products;
			sourceTree = "<group>";
		};
		CB89AE5C1E93DE6400208E71 /* TKOSeatGeek */ = {
			isa = PBXGroup;
			children = (
				CB89AE5D1E93DE6400208E71 /* AppDelegate.swift */,
				CB89AE641E93DE6400208E71 /* Assets.xcassets */,
				CB89AE691E93DE6400208E71 /* Info.plist */,
				CB3BCFD11E93FB1800A3D813 /* API */,
				CBBE7D7F1E990AF900968DCF /* Models */,
				CBBE7D721E96762900968DCF /* Views */,
			);
			path = TKOSeatGeek;
			sourceTree = "<group>";
		};
		CB89AE711E93DE6400208E71 /* TKOSeatGeekTests */ = {
			isa = PBXGroup;
			children = (
				CB3BCFD21E93FB5C00A3D813 /* API */,
				CB89AE741E93DE6400208E71 /* Info.plist */,
			);
			path = TKOSeatGeekTests;
			sourceTree = "<group>";
		};
		CBBE7D721E96762900968DCF /* Views */ = {
			isa = PBXGroup;
			children = (
				CBBE7D731E96764900968DCF /* Intro */,
				CBBE7D781E96A97C00968DCF /* Search */,
			);
			name = Views;
			sourceTree = "<group>";
		};
		CBBE7D731E96764900968DCF /* Intro */ = {
			isa = PBXGroup;
			children = (
				CB89AE661E93DE6400208E71 /* LaunchScreen.storyboard */,
				CBBE7D741E9676B900968DCF /* IntroView.storyboard */,
				CBBE7D761E9676DC00968DCF /* IntroViewController.swift */,
			);
			name = Intro;
			sourceTree = "<group>";
		};
		CBBE7D781E96A97C00968DCF /* Search */ = {
			isa = PBXGroup;
			children = (
				CBBE7D7D1E99023F00968DCF /* SearchViewModel.swift */,
				CBBE7D791E96AA5D00968DCF /* SearchViewController.swift */,
				CBBE7D7B1E96AA7600968DCF /* SearchView.storyboard */,
			);
			name = Search;
			sourceTree = "<group>";
		};
		CBBE7D7F1E990AF900968DCF /* Models */ = {
			isa = PBXGroup;
			children = (
				CBBE7D801E990E1800968DCF /* EventSet.swift */,
				CBBE7D821E99104500968DCF /* Event.swift */,
			);
			name = Models;
			sourceTree = "<group>";
		};
		CBC9E7F61E9433C900F52E05 /* Responses */ = {
			isa = PBXGroup;
			children = (
				CBC9E8021E943A4900F52E05 /* performer-200.response */,
				CBC9E8031E943A4900F52E05 /* performers-200.response */,
				CBC9E7FE1E94398100F52E05 /* venue-200.response */,
				CBC9E7FF1E94398100F52E05 /* venues-200.response */,
				CBC9E7FC1E9437DE00F52E05 /* event-200.response */,
				CBC9E7FA1E94362800F52E05 /* events-200.response */,
			);
			name = Responses;
			sourceTree = "<group>";
		};
		CBC9E7F71E9433D300F52E05 /* Endpoints */ = {
			isa = PBXGroup;
			children = (
				CBC9E7F81E94349400F52E05 /* EndpointTests.swift */,
			);
			name = Endpoints;
			sourceTree = "<group>";
		};
/* End PBXGroup section */

/* Begin PBXNativeTarget section */
		CB89AE591E93DE6400208E71 /* TKOSeatGeek */ = {
			isa = PBXNativeTarget;
			buildConfigurationList = CB89AE771E93DE6400208E71 /* Build configuration list for PBXNativeTarget "TKOSeatGeek" */;
			buildPhases = (
				1AC146BCC08F3806386ECDD6 /* [CP] Check Pods Manifest.lock */,
				CB89AE561E93DE6400208E71 /* Sources */,
				CB89AE571E93DE6400208E71 /* Frameworks */,
				CB89AE581E93DE6400208E71 /* Resources */,
				EACAD47713324ECF5AD5B4FC /* [CP] Embed Pods Frameworks */,
				EEED5BFE6B67347A73FC9DB1 /* [CP] Copy Pods Resources */,
				CB89AE7D1E93E38D00208E71 /* Run Swiftlint */,
			);
			buildRules = (
			);
			dependencies = (
			);
			name = TKOSeatGeek;
			productName = TKOSeatGeek;
			productReference = CB89AE5A1E93DE6400208E71 /* TKOSeatGeek.app */;
			productType = "com.apple.product-type.application";
		};
		CB89AE6D1E93DE6400208E71 /* TKOSeatGeekTests */ = {
			isa = PBXNativeTarget;
			buildConfigurationList = CB89AE7A1E93DE6400208E71 /* Build configuration list for PBXNativeTarget "TKOSeatGeekTests" */;
			buildPhases = (
				DA58C892BFA5DF32B73FCE4A /* [CP] Check Pods Manifest.lock */,
				CB89AE6A1E93DE6400208E71 /* Sources */,
				CB89AE6B1E93DE6400208E71 /* Frameworks */,
				CB89AE6C1E93DE6400208E71 /* Resources */,
				873BB15A153A351B1DFC0902 /* [CP] Embed Pods Frameworks */,
				6FB6538571823E12F6B3F1F9 /* [CP] Copy Pods Resources */,
			);
			buildRules = (
			);
			dependencies = (
				CB89AE701E93DE6400208E71 /* PBXTargetDependency */,
			);
			name = TKOSeatGeekTests;
			productName = TKOSeatGeekTests;
			productReference = CB89AE6E1E93DE6400208E71 /* TKOSeatGeekTests.xctest */;
			productType = "com.apple.product-type.bundle.unit-test";
		};
/* End PBXNativeTarget section */

/* Begin PBXProject section */
		CB89AE521E93DE6400208E71 /* Project object */ = {
			isa = PBXProject;
			attributes = {
				LastSwiftUpdateCheck = 0820;
				LastUpgradeCheck = 0820;
				ORGANIZATIONNAME = "TKO Solutions";
				TargetAttributes = {
					CB89AE591E93DE6400208E71 = {
						CreatedOnToolsVersion = 8.2.1;
						DevelopmentTeam = H4UQYGEL4C;
						ProvisioningStyle = Automatic;
					};
					CB89AE6D1E93DE6400208E71 = {
						CreatedOnToolsVersion = 8.2.1;
						DevelopmentTeam = H4UQYGEL4C;
						ProvisioningStyle = Automatic;
						TestTargetID = CB89AE591E93DE6400208E71;
					};
				};
			};
			buildConfigurationList = CB89AE551E93DE6400208E71 /* Build configuration list for PBXProject "TKOSeatGeek" */;
			compatibilityVersion = "Xcode 3.2";
			developmentRegion = English;
			hasScannedForEncodings = 0;
			knownRegions = (
				en,
				Base,
			);
			mainGroup = CB89AE511E93DE6400208E71;
			productRefGroup = CB89AE5B1E93DE6400208E71 /* Products */;
			projectDirPath = "";
			projectRoot = "";
			targets = (
				CB89AE591E93DE6400208E71 /* TKOSeatGeek */,
				CB89AE6D1E93DE6400208E71 /* TKOSeatGeekTests */,
			);
		};
/* End PBXProject section */

/* Begin PBXResourcesBuildPhase section */
		CB89AE581E93DE6400208E71 /* Resources */ = {
			isa = PBXResourcesBuildPhase;
			buildActionMask = 2147483647;
			files = (
				CB89AE681E93DE6400208E71 /* LaunchScreen.storyboard in Resources */,
				CBBE7D7C1E96AA7600968DCF /* SearchView.storyboard in Resources */,
				CB89AE651E93DE6400208E71 /* Assets.xcassets in Resources */,
				CBBE7D751E9676B900968DCF /* IntroView.storyboard in Resources */,
			);
			runOnlyForDeploymentPostprocessing = 0;
		};
		CB89AE6C1E93DE6400208E71 /* Resources */ = {
			isa = PBXResourcesBuildPhase;
			buildActionMask = 2147483647;
			files = (
				CBC9E8041E943A4900F52E05 /* performer-200.response in Resources */,
				CBC9E8001E94398100F52E05 /* venue-200.response in Resources */,
				CBC9E8051E943A4900F52E05 /* performers-200.response in Resources */,
				CBC9E8011E94398100F52E05 /* venues-200.response in Resources */,
				CBC9E7FD1E9437DE00F52E05 /* event-200.response in Resources */,
				CBC9E7FB1E94362800F52E05 /* events-200.response in Resources */,
			);
			runOnlyForDeploymentPostprocessing = 0;
		};
/* End PBXResourcesBuildPhase section */

/* Begin PBXShellScriptBuildPhase section */
		1AC146BCC08F3806386ECDD6 /* [CP] Check Pods Manifest.lock */ = {
			isa = PBXShellScriptBuildPhase;
			buildActionMask = 2147483647;
			files = (
			);
			inputPaths = (
			);
			name = "[CP] Check Pods Manifest.lock";
			outputPaths = (
			);
			runOnlyForDeploymentPostprocessing = 0;
			shellPath = /bin/sh;
			shellScript = "diff \"${PODS_ROOT}/../Podfile.lock\" \"${PODS_ROOT}/Manifest.lock\" > /dev/null\nif [ $? != 0 ] ; then\n    # print error to STDERR\n    echo \"error: The sandbox is not in sync with the Podfile.lock. Run 'pod install' or update your CocoaPods installation.\" >&2\n    exit 1\nfi\n";
			showEnvVarsInLog = 0;
		};
		6FB6538571823E12F6B3F1F9 /* [CP] Copy Pods Resources */ = {
			isa = PBXShellScriptBuildPhase;
			buildActionMask = 2147483647;
			files = (
			);
			inputPaths = (
			);
			name = "[CP] Copy Pods Resources";
			outputPaths = (
			);
			runOnlyForDeploymentPostprocessing = 0;
			shellPath = /bin/sh;
			shellScript = "\"${SRCROOT}/Pods/Target Support Files/Pods-TKOSeatGeek-TKOSeatGeekTests/Pods-TKOSeatGeek-TKOSeatGeekTests-resources.sh\"\n";
			showEnvVarsInLog = 0;
		};
		873BB15A153A351B1DFC0902 /* [CP] Embed Pods Frameworks */ = {
			isa = PBXShellScriptBuildPhase;
			buildActionMask = 2147483647;
			files = (
			);
			inputPaths = (
			);
			name = "[CP] Embed Pods Frameworks";
			outputPaths = (
			);
			runOnlyForDeploymentPostprocessing = 0;
			shellPath = /bin/sh;
			shellScript = "\"${SRCROOT}/Pods/Target Support Files/Pods-TKOSeatGeek-TKOSeatGeekTests/Pods-TKOSeatGeek-TKOSeatGeekTests-frameworks.sh\"\n";
			showEnvVarsInLog = 0;
		};
		CB89AE7D1E93E38D00208E71 /* Run Swiftlint */ = {
			isa = PBXShellScriptBuildPhase;
			buildActionMask = 2147483647;
			files = (
			);
			inputPaths = (
			);
			name = "Run Swiftlint";
			outputPaths = (
			);
			runOnlyForDeploymentPostprocessing = 0;
			shellPath = /bin/sh;
			shellScript = "if which swiftlint >/dev/null; then\n  swiftlint\nelse\n  echo \"warning: SwiftLint not installed, download from https://github.com/realm/SwiftLint\"\nfi";
		};
		DA58C892BFA5DF32B73FCE4A /* [CP] Check Pods Manifest.lock */ = {
			isa = PBXShellScriptBuildPhase;
			buildActionMask = 2147483647;
			files = (
			);
			inputPaths = (
			);
			name = "[CP] Check Pods Manifest.lock";
			outputPaths = (
			);
			runOnlyForDeploymentPostprocessing = 0;
			shellPath = /bin/sh;
			shellScript = "diff \"${PODS_ROOT}/../Podfile.lock\" \"${PODS_ROOT}/Manifest.lock\" > /dev/null\nif [ $? != 0 ] ; then\n    # print error to STDERR\n    echo \"error: The sandbox is not in sync with the Podfile.lock. Run 'pod install' or update your CocoaPods installation.\" >&2\n    exit 1\nfi\n";
			showEnvVarsInLog = 0;
		};
		EACAD47713324ECF5AD5B4FC /* [CP] Embed Pods Frameworks */ = {
			isa = PBXShellScriptBuildPhase;
			buildActionMask = 2147483647;
			files = (
			);
			inputPaths = (
			);
			name = "[CP] Embed Pods Frameworks";
			outputPaths = (
			);
			runOnlyForDeploymentPostprocessing = 0;
			shellPath = /bin/sh;
			shellScript = "\"${SRCROOT}/Pods/Target Support Files/Pods-TKOSeatGeek/Pods-TKOSeatGeek-frameworks.sh\"\n";
			showEnvVarsInLog = 0;
		};
		EEED5BFE6B67347A73FC9DB1 /* [CP] Copy Pods Resources */ = {
			isa = PBXShellScriptBuildPhase;
			buildActionMask = 2147483647;
			files = (
			);
			inputPaths = (
			);
			name = "[CP] Copy Pods Resources";
			outputPaths = (
			);
			runOnlyForDeploymentPostprocessing = 0;
			shellPath = /bin/sh;
			shellScript = "\"${SRCROOT}/Pods/Target Support Files/Pods-TKOSeatGeek/Pods-TKOSeatGeek-resources.sh\"\n";
			showEnvVarsInLog = 0;
		};
/* End PBXShellScriptBuildPhase section */

/* Begin PBXSourcesBuildPhase section */
		CB89AE561E93DE6400208E71 /* Sources */ = {
			isa = PBXSourcesBuildPhase;
			buildActionMask = 2147483647;
			files = (
				CBBE7D831E99104500968DCF /* Event.swift in Sources */,
				CBBE7D7E1E99023F00968DCF /* SearchViewModel.swift in Sources */,
				CBBE7D811E990E1800968DCF /* EventSet.swift in Sources */,
				CBBE7D7A1E96AA5D00968DCF /* SearchViewController.swift in Sources */,
				CBBE7D771E9676DC00968DCF /* IntroViewController.swift in Sources */,
				CB3BCFD41E93FB8C00A3D813 /* API.swift in Sources */,
				CBC9E7F51E942BCB00F52E05 /* Endpoints.swift in Sources */,
				CB89AE5E1E93DE6400208E71 /* AppDelegate.swift in Sources */,
			);
			runOnlyForDeploymentPostprocessing = 0;
		};
		CB89AE6A1E93DE6400208E71 /* Sources */ = {
			isa = PBXSourcesBuildPhase;
			buildActionMask = 2147483647;
			files = (
				CBC9E7F31E94224900F52E05 /* APIRequestTests.swift in Sources */,
				CBC9E7F91E94349400F52E05 /* EndpointTests.swift in Sources */,
				CB3BCFD61E93FE7000A3D813 /* APITests.swift in Sources */,
			);
			runOnlyForDeploymentPostprocessing = 0;
		};
/* End PBXSourcesBuildPhase section */

/* Begin PBXTargetDependency section */
		CB89AE701E93DE6400208E71 /* PBXTargetDependency */ = {
			isa = PBXTargetDependency;
			target = CB89AE591E93DE6400208E71 /* TKOSeatGeek */;
			targetProxy = CB89AE6F1E93DE6400208E71 /* PBXContainerItemProxy */;
		};
/* End PBXTargetDependency section */

/* Begin PBXVariantGroup section */
		CB89AE661E93DE6400208E71 /* LaunchScreen.storyboard */ = {
			isa = PBXVariantGroup;
			children = (
				CB89AE671E93DE6400208E71 /* Base */,
			);
			name = LaunchScreen.storyboard;
			sourceTree = "<group>";
		};
/* End PBXVariantGroup section */

/* Begin XCBuildConfiguration section */
		CB89AE751E93DE6400208E71 /* Debug */ = {
			isa = XCBuildConfiguration;
			buildSettings = {
				ALWAYS_SEARCH_USER_PATHS = NO;
				CLANG_ANALYZER_NONNULL = YES;
				CLANG_CXX_LANGUAGE_STANDARD = "gnu++0x";
				CLANG_CXX_LIBRARY = "libc++";
				CLANG_ENABLE_MODULES = YES;
				CLANG_ENABLE_OBJC_ARC = YES;
				CLANG_WARN_BOOL_CONVERSION = YES;
				CLANG_WARN_CONSTANT_CONVERSION = YES;
				CLANG_WARN_DIRECT_OBJC_ISA_USAGE = YES_ERROR;
				CLANG_WARN_DOCUMENTATION_COMMENTS = YES;
				CLANG_WARN_EMPTY_BODY = YES;
				CLANG_WARN_ENUM_CONVERSION = YES;
				CLANG_WARN_INFINITE_RECURSION = YES;
				CLANG_WARN_INT_CONVERSION = YES;
				CLANG_WARN_OBJC_ROOT_CLASS = YES_ERROR;
				CLANG_WARN_SUSPICIOUS_MOVE = YES;
				CLANG_WARN_UNREACHABLE_CODE = YES;
				CLANG_WARN__DUPLICATE_METHOD_MATCH = YES;
				"CODE_SIGN_IDENTITY[sdk=iphoneos*]" = "iPhone Developer";
				COPY_PHASE_STRIP = NO;
				DEBUG_INFORMATION_FORMAT = dwarf;
				ENABLE_STRICT_OBJC_MSGSEND = YES;
				ENABLE_TESTABILITY = YES;
				GCC_C_LANGUAGE_STANDARD = gnu99;
				GCC_DYNAMIC_NO_PIC = NO;
				GCC_NO_COMMON_BLOCKS = YES;
				GCC_OPTIMIZATION_LEVEL = 0;
				GCC_PREPROCESSOR_DEFINITIONS = (
					"DEBUG=1",
					"$(inherited)",
				);
				GCC_WARN_64_TO_32_BIT_CONVERSION = YES;
				GCC_WARN_ABOUT_RETURN_TYPE = YES_ERROR;
				GCC_WARN_UNDECLARED_SELECTOR = YES;
				GCC_WARN_UNINITIALIZED_AUTOS = YES_AGGRESSIVE;
				GCC_WARN_UNUSED_FUNCTION = YES;
				GCC_WARN_UNUSED_VARIABLE = YES;
				IPHONEOS_DEPLOYMENT_TARGET = 10.2;
				MTL_ENABLE_DEBUG_INFO = YES;
				ONLY_ACTIVE_ARCH = YES;
				SDKROOT = iphoneos;
				SWIFT_ACTIVE_COMPILATION_CONDITIONS = DEBUG;
				SWIFT_OPTIMIZATION_LEVEL = "-Onone";
			};
			name = Debug;
		};
		CB89AE761E93DE6400208E71 /* Release */ = {
			isa = XCBuildConfiguration;
			buildSettings = {
				ALWAYS_SEARCH_USER_PATHS = NO;
				CLANG_ANALYZER_NONNULL = YES;
				CLANG_CXX_LANGUAGE_STANDARD = "gnu++0x";
				CLANG_CXX_LIBRARY = "libc++";
				CLANG_ENABLE_MODULES = YES;
				CLANG_ENABLE_OBJC_ARC = YES;
				CLANG_WARN_BOOL_CONVERSION = YES;
				CLANG_WARN_CONSTANT_CONVERSION = YES;
				CLANG_WARN_DIRECT_OBJC_ISA_USAGE = YES_ERROR;
				CLANG_WARN_DOCUMENTATION_COMMENTS = YES;
				CLANG_WARN_EMPTY_BODY = YES;
				CLANG_WARN_ENUM_CONVERSION = YES;
				CLANG_WARN_INFINITE_RECURSION = YES;
				CLANG_WARN_INT_CONVERSION = YES;
				CLANG_WARN_OBJC_ROOT_CLASS = YES_ERROR;
				CLANG_WARN_SUSPICIOUS_MOVE = YES;
				CLANG_WARN_UNREACHABLE_CODE = YES;
				CLANG_WARN__DUPLICATE_METHOD_MATCH = YES;
				"CODE_SIGN_IDENTITY[sdk=iphoneos*]" = "iPhone Developer";
				COPY_PHASE_STRIP = NO;
				DEBUG_INFORMATION_FORMAT = "dwarf-with-dsym";
				ENABLE_NS_ASSERTIONS = NO;
				ENABLE_STRICT_OBJC_MSGSEND = YES;
				GCC_C_LANGUAGE_STANDARD = gnu99;
				GCC_NO_COMMON_BLOCKS = YES;
				GCC_WARN_64_TO_32_BIT_CONVERSION = YES;
				GCC_WARN_ABOUT_RETURN_TYPE = YES_ERROR;
				GCC_WARN_UNDECLARED_SELECTOR = YES;
				GCC_WARN_UNINITIALIZED_AUTOS = YES_AGGRESSIVE;
				GCC_WARN_UNUSED_FUNCTION = YES;
				GCC_WARN_UNUSED_VARIABLE = YES;
				IPHONEOS_DEPLOYMENT_TARGET = 10.2;
				MTL_ENABLE_DEBUG_INFO = NO;
				SDKROOT = iphoneos;
				SWIFT_OPTIMIZATION_LEVEL = "-Owholemodule";
				VALIDATE_PRODUCT = YES;
			};
			name = Release;
		};
		CB89AE781E93DE6400208E71 /* Debug */ = {
			isa = XCBuildConfiguration;
			baseConfigurationReference = 0997BA0767E7A71EC5A5DC1C /* Pods-TKOSeatGeek.debug.xcconfig */;
			buildSettings = {
				ASSETCATALOG_COMPILER_APPICON_NAME = AppIcon;
				DEVELOPMENT_TEAM = H4UQYGEL4C;
				INFOPLIST_FILE = TKOSeatGeek/Info.plist;
				LD_RUNPATH_SEARCH_PATHS = "$(inherited) @executable_path/Frameworks";
				PRODUCT_BUNDLE_IDENTIFIER = tkosolutions.TKOSeatGeek;
				PRODUCT_NAME = "$(TARGET_NAME)";
				SWIFT_VERSION = 3.0;
			};
			name = Debug;
		};
		CB89AE791E93DE6400208E71 /* Release */ = {
			isa = XCBuildConfiguration;
			baseConfigurationReference = F8862F343E3ACDCAFDF43BA2 /* Pods-TKOSeatGeek.release.xcconfig */;
			buildSettings = {
				ASSETCATALOG_COMPILER_APPICON_NAME = AppIcon;
				DEVELOPMENT_TEAM = H4UQYGEL4C;
				INFOPLIST_FILE = TKOSeatGeek/Info.plist;
				LD_RUNPATH_SEARCH_PATHS = "$(inherited) @executable_path/Frameworks";
				PRODUCT_BUNDLE_IDENTIFIER = tkosolutions.TKOSeatGeek;
				PRODUCT_NAME = "$(TARGET_NAME)";
				SWIFT_VERSION = 3.0;
			};
			name = Release;
		};
		CB89AE7B1E93DE6400208E71 /* Debug */ = {
			isa = XCBuildConfiguration;
			baseConfigurationReference = 5E2988D8160462B601B20F72 /* Pods-TKOSeatGeek-TKOSeatGeekTests.debug.xcconfig */;
			buildSettings = {
				BUNDLE_LOADER = "$(TEST_HOST)";
				DEVELOPMENT_TEAM = H4UQYGEL4C;
				INFOPLIST_FILE = TKOSeatGeekTests/Info.plist;
				LD_RUNPATH_SEARCH_PATHS = "$(inherited) @executable_path/Frameworks @loader_path/Frameworks";
				PRODUCT_BUNDLE_IDENTIFIER = tkosolutions.TKOSeatGeekTests;
				PRODUCT_NAME = "$(TARGET_NAME)";
				SWIFT_VERSION = 3.0;
				TEST_HOST = "$(BUILT_PRODUCTS_DIR)/TKOSeatGeek.app/TKOSeatGeek";
			};
			name = Debug;
		};
		CB89AE7C1E93DE6400208E71 /* Release */ = {
			isa = XCBuildConfiguration;
			baseConfigurationReference = CF71451F2519AED3D02D65C4 /* Pods-TKOSeatGeek-TKOSeatGeekTests.release.xcconfig */;
			buildSettings = {
				BUNDLE_LOADER = "$(TEST_HOST)";
				DEVELOPMENT_TEAM = H4UQYGEL4C;
				INFOPLIST_FILE = TKOSeatGeekTests/Info.plist;
				LD_RUNPATH_SEARCH_PATHS = "$(inherited) @executable_path/Frameworks @loader_path/Frameworks";
				PRODUCT_BUNDLE_IDENTIFIER = tkosolutions.TKOSeatGeekTests;
				PRODUCT_NAME = "$(TARGET_NAME)";
				SWIFT_VERSION = 3.0;
				TEST_HOST = "$(BUILT_PRODUCTS_DIR)/TKOSeatGeek.app/TKOSeatGeek";
			};
			name = Release;
		};
/* End XCBuildConfiguration section */

/* Begin XCConfigurationList section */
		CB89AE551E93DE6400208E71 /* Build configuration list for PBXProject "TKOSeatGeek" */ = {
			isa = XCConfigurationList;
			buildConfigurations = (
				CB89AE751E93DE6400208E71 /* Debug */,
				CB89AE761E93DE6400208E71 /* Release */,
			);
			defaultConfigurationIsVisible = 0;
			defaultConfigurationName = Release;
		};
		CB89AE771E93DE6400208E71 /* Build configuration list for PBXNativeTarget "TKOSeatGeek" */ = {
			isa = XCConfigurationList;
			buildConfigurations = (
				CB89AE781E93DE6400208E71 /* Debug */,
				CB89AE791E93DE6400208E71 /* Release */,
			);
			defaultConfigurationIsVisible = 0;
			defaultConfigurationName = Release;
		};
		CB89AE7A1E93DE6400208E71 /* Build configuration list for PBXNativeTarget "TKOSeatGeekTests" */ = {
			isa = XCConfigurationList;
			buildConfigurations = (
				CB89AE7B1E93DE6400208E71 /* Debug */,
				CB89AE7C1E93DE6400208E71 /* Release */,
			);
			defaultConfigurationIsVisible = 0;
			defaultConfigurationName = Release;
		};
/* End XCConfigurationList section */
	};
	rootObject = CB89AE521E93DE6400208E71 /* Project object */;
}
