// !$*UTF8*$!
{
	archiveVersion = 1;
	classes = {
	};
	objectVersion = 46;
	objects = {

/* Begin PBXBuildFile section */
		CB89AE5E1E93DE6400208E71 /* AppDelegate.swift in Sources */ = {isa = PBXBuildFile; fileRef = CB89AE5D1E93DE6400208E71 /* AppDelegate.swift */; };
		CB89AE601E93DE6400208E71 /* ViewController.swift in Sources */ = {isa = PBXBuildFile; fileRef = CB89AE5F1E93DE6400208E71 /* ViewController.swift */; };
		CB89AE631E93DE6400208E71 /* Main.storyboard in Resources */ = {isa = PBXBuildFile; fileRef = CB89AE611E93DE6400208E71 /* Main.storyboard */; };
		CB89AE651E93DE6400208E71 /* Assets.xcassets in Resources */ = {isa = PBXBuildFile; fileRef = CB89AE641E93DE6400208E71 /* Assets.xcassets */; };
		CB89AE681E93DE6400208E71 /* LaunchScreen.storyboard in Resources */ = {isa = PBXBuildFile; fileRef = CB89AE661E93DE6400208E71 /* LaunchScreen.storyboard */; };
		CB89AE731E93DE6400208E71 /* TKOSeatGeekTests.swift in Sources */ = {isa = PBXBuildFile; fileRef = CB89AE721E93DE6400208E71 /* TKOSeatGeekTests.swift */; };
/* End PBXBuildFile section */

/* Begin PBXContainerItemProxy section */
		CB89AE6F1E93DE6400208E71 /* PBXContainerItemProxy */ = {
			isa = PBXContainerItemProxy;
			containerPortal = CB89AE521E93DE6400208E71 /* Project object */;
			proxyType = 1;
			remoteGlobalIDString = CB89AE591E93DE6400208E71;
			remoteInfo = TKOSeatGeek;
		};
/* End PBXContainerItemProxy section */

/* Begin PBXFileReference section */
		CB89AE5A1E93DE6400208E71 /* TKOSeatGeek.app */ = {isa = PBXFileReference; explicitFileType = wrapper.application; includeInIndex = 0; path = TKOSeatGeek.app; sourceTree = BUILT_PRODUCTS_DIR; };
		CB89AE5D1E93DE6400208E71 /* AppDelegate.swift */ = {isa = PBXFileReference; lastKnownFileType = sourcecode.swift; path = AppDelegate.swift; sourceTree = "<group>"; };
		CB89AE5F1E93DE6400208E71 /* ViewController.swift */ = {isa = PBXFileReference; lastKnownFileType = sourcecode.swift; path = ViewController.swift; sourceTree = "<group>"; };
		CB89AE621E93DE6400208E71 /* Base */ = {isa = PBXFileReference; lastKnownFileType = file.storyboard; name = Base; path = Base.lproj/Main.storyboard; sourceTree = "<group>"; };
		CB89AE641E93DE6400208E71 /* Assets.xcassets */ = {isa = PBXFileReference; lastKnownFileType = folder.assetcatalog; path = Assets.xcassets; sourceTree = "<group>"; };
		CB89AE671E93DE6400208E71 /* Base */ = {isa = PBXFileReference; lastKnownFileType = file.storyboard; name = Base; path = Base.lproj/LaunchScreen.storyboard; sourceTree = "<group>"; };
		CB89AE691E93DE6400208E71 /* Info.plist */ = {isa = PBXFileReference; lastKnownFileType = text.plist.xml; path = Info.plist; sourceTree = "<group>"; };
		CB89AE6E1E93DE6400208E71 /* TKOSeatGeekTests.xctest */ = {isa = PBXFileReference; explicitFileType = wrapper.cfbundle; includeInIndex = 0; path = TKOSeatGeekTests.xctest; sourceTree = BUILT_PRODUCTS_DIR; };
		CB89AE721E93DE6400208E71 /* TKOSeatGeekTests.swift */ = {isa = PBXFileReference; lastKnownFileType = sourcecode.swift; path = TKOSeatGeekTests.swift; sourceTree = "<group>"; };
		CB89AE741E93DE6400208E71 /* Info.plist */ = {isa = PBXFileReference; lastKnownFileType = text.plist.xml; path = Info.plist; sourceTree = "<group>"; };
/* End PBXFileReference section */

/* Begin PBXFrameworksBuildPhase section */
		CB89AE571E93DE6400208E71 /* Frameworks */ = {
			isa = PBXFrameworksBuildPhase;
			buildActionMask = 2147483647;
			files = (
			);
			runOnlyForDeploymentPostprocessing = 0;
		};
		CB89AE6B1E93DE6400208E71 /* Frameworks */ = {
			isa = PBXFrameworksBuildPhase;
			buildActionMask = 2147483647;
			files = (
			);
			runOnlyForDeploymentPostprocessing = 0;
		};
/* End PBXFrameworksBuildPhase section */

/* Begin PBXGroup section */
		CB89AE511E93DE6400208E71 = {
			isa = PBXGroup;
			children = (
				CB89AE5C1E93DE6400208E71 /* TKOSeatGeek */,
				CB89AE711E93DE6400208E71 /* TKOSeatGeekTests */,
				CB89AE5B1E93DE6400208E71 /* Products */,
			);
			sourceTree = "<group>";
		};
		CB89AE5B1E93DE6400208E71 /* Products */ = {
			isa = PBXGroup;
			children = (
				CB89AE5A1E93DE6400208E71 /* TKOSeatGeek.app */,
				CB89AE6E1E93DE6400208E71 /* TKOSeatGeekTests.xctest */,
			);
			name = Products;
			sourceTree = "<group>";
		};
		CB89AE5C1E93DE6400208E71 /* TKOSeatGeek */ = {
			isa = PBXGroup;
			children = (
				CB89AE5D1E93DE6400208E71 /* AppDelegate.swift */,
				CB89AE5F1E93DE6400208E71 /* ViewController.swift */,
				CB89AE611E93DE6400208E71 /* Main.storyboard */,
				CB89AE641E93DE6400208E71 /* Assets.xcassets */,
				CB89AE661E93DE6400208E71 /* LaunchScreen.storyboard */,
				CB89AE691E93DE6400208E71 /* Info.plist */,
			);
			path = TKOSeatGeek;
			sourceTree = "<group>";
		};
		CB89AE711E93DE6400208E71 /* TKOSeatGeekTests */ = {
			isa = PBXGroup;
			children = (
				CB89AE721E93DE6400208E71 /* TKOSeatGeekTests.swift */,
				CB89AE741E93DE6400208E71 /* Info.plist */,
			);
			path = TKOSeatGeekTests;
			sourceTree = "<group>";
		};
/* End PBXGroup section */

/* Begin PBXNativeTarget section */
		CB89AE591E93DE6400208E71 /* TKOSeatGeek */ = {
			isa = PBXNativeTarget;
			buildConfigurationList = CB89AE771E93DE6400208E71 /* Build configuration list for PBXNativeTarget "TKOSeatGeek" */;
			buildPhases = (
				CB89AE561E93DE6400208E71 /* Sources */,
				CB89AE571E93DE6400208E71 /* Frameworks */,
				CB89AE581E93DE6400208E71 /* Resources */,
			);
			buildRules = (
			);
			dependencies = (
			);
			name = TKOSeatGeek;
			productName = TKOSeatGeek;
			productReference = CB89AE5A1E93DE6400208E71 /* TKOSeatGeek.app */;
			productType = "com.apple.product-type.application";
		};
		CB89AE6D1E93DE6400208E71 /* TKOSeatGeekTests */ = {
			isa = PBXNativeTarget;
			buildConfigurationList = CB89AE7A1E93DE6400208E71 /* Build configuration list for PBXNativeTarget "TKOSeatGeekTests" */;
			buildPhases = (
				CB89AE6A1E93DE6400208E71 /* Sources */,
				CB89AE6B1E93DE6400208E71 /* Frameworks */,
				CB89AE6C1E93DE6400208E71 /* Resources */,
			);
			buildRules = (
			);
			dependencies = (
				CB89AE701E93DE6400208E71 /* PBXTargetDependency */,
			);
			name = TKOSeatGeekTests;
			productName = TKOSeatGeekTests;
			productReference = CB89AE6E1E93DE6400208E71 /* TKOSeatGeekTests.xctest */;
			productType = "com.apple.product-type.bundle.unit-test";
		};
/* End PBXNativeTarget section */

/* Begin PBXProject section */
		CB89AE521E93DE6400208E71 /* Project object */ = {
			isa = PBXProject;
			attributes = {
				LastSwiftUpdateCheck = 0820;
				LastUpgradeCheck = 0820;
				ORGANIZATIONNAME = "TKO Solutions";
				TargetAttributes = {
					CB89AE591E93DE6400208E71 = {
						CreatedOnToolsVersion = 8.2.1;
						DevelopmentTeam = H4UQYGEL4C;
						ProvisioningStyle = Automatic;
					};
					CB89AE6D1E93DE6400208E71 = {
						CreatedOnToolsVersion = 8.2.1;
						DevelopmentTeam = H4UQYGEL4C;
						ProvisioningStyle = Automatic;
						TestTargetID = CB89AE591E93DE6400208E71;
					};
				};
			};
			buildConfigurationList = CB89AE551E93DE6400208E71 /* Build configuration list for PBXProject "TKOSeatGeek" */;
			compatibilityVersion = "Xcode 3.2";
			developmentRegion = English;
			hasScannedForEncodings = 0;
			knownRegions = (
				en,
				Base,
			);
			mainGroup = CB89AE511E93DE6400208E71;
			productRefGroup = CB89AE5B1E93DE6400208E71 /* Products */;
			projectDirPath = "";
			projectRoot = "";
			targets = (
				CB89AE591E93DE6400208E71 /* TKOSeatGeek */,
				CB89AE6D1E93DE6400208E71 /* TKOSeatGeekTests */,
			);
		};
/* End PBXProject section */

/* Begin PBXResourcesBuildPhase section */
		CB89AE581E93DE6400208E71 /* Resources */ = {
			isa = PBXResourcesBuildPhase;
			buildActionMask = 2147483647;
			files = (
				CB89AE681E93DE6400208E71 /* LaunchScreen.storyboard in Resources */,
				CB89AE651E93DE6400208E71 /* Assets.xcassets in Resources */,
				CB89AE631E93DE6400208E71 /* Main.storyboard in Resources */,
			);
			runOnlyForDeploymentPostprocessing = 0;
		};
		CB89AE6C1E93DE6400208E71 /* Resources */ = {
			isa = PBXResourcesBuildPhase;
			buildActionMask = 2147483647;
			files = (
			);
			runOnlyForDeploymentPostprocessing = 0;
		};
/* End PBXResourcesBuildPhase section */

/* Begin PBXSourcesBuildPhase section */
		CB89AE561E93DE6400208E71 /* Sources */ = {
			isa = PBXSourcesBuildPhase;
			buildActionMask = 2147483647;
			files = (
				CB89AE601E93DE6400208E71 /* ViewController.swift in Sources */,
				CB89AE5E1E93DE6400208E71 /* AppDelegate.swift in Sources */,
			);
			runOnlyForDeploymentPostprocessing = 0;
		};
		CB89AE6A1E93DE6400208E71 /* Sources */ = {
			isa = PBXSourcesBuildPhase;
			buildActionMask = 2147483647;
			files = (
				CB89AE731E93DE6400208E71 /* TKOSeatGeekTests.swift in Sources */,
			);
			runOnlyForDeploymentPostprocessing = 0;
		};
/* End PBXSourcesBuildPhase section */

/* Begin PBXTargetDependency section */
		CB89AE701E93DE6400208E71 /* PBXTargetDependency */ = {
			isa = PBXTargetDependency;
			target = CB89AE591E93DE6400208E71 /* TKOSeatGeek */;
			targetProxy = CB89AE6F1E93DE6400208E71 /* PBXContainerItemProxy */;
		};
/* End PBXTargetDependency section */

/* Begin PBXVariantGroup section */
		CB89AE611E93DE6400208E71 /* Main.storyboard */ = {
			isa = PBXVariantGroup;
			children = (
				CB89AE621E93DE6400208E71 /* Base */,
			);
			name = Main.storyboard;
			sourceTree = "<group>";
		};
		CB89AE661E93DE6400208E71 /* LaunchScreen.storyboard */ = {
			isa = PBXVariantGroup;
			children = (
				CB89AE671E93DE6400208E71 /* Base */,
			);
			name = LaunchScreen.storyboard;
			sourceTree = "<group>";
		};
/* End PBXVariantGroup section */

/* Begin XCBuildConfiguration section */
		CB89AE751E93DE6400208E71 /* Debug */ = {
			isa = XCBuildConfiguration;
			buildSettings = {
				ALWAYS_SEARCH_USER_PATHS = NO;
				CLANG_ANALYZER_NONNULL = YES;
				CLANG_CXX_LANGUAGE_STANDARD = "gnu++0x";
				CLANG_CXX_LIBRARY = "libc++";
				CLANG_ENABLE_MODULES = YES;
				CLANG_ENABLE_OBJC_ARC = YES;
				CLANG_WARN_BOOL_CONVERSION = YES;
				CLANG_WARN_CONSTANT_CONVERSION = YES;
				CLANG_WARN_DIRECT_OBJC_ISA_USAGE = YES_ERROR;
				CLANG_WARN_DOCUMENTATION_COMMENTS = YES;
				CLANG_WARN_EMPTY_BODY = YES;
				CLANG_WARN_ENUM_CONVERSION = YES;
				CLANG_WARN_INFINITE_RECURSION = YES;
				CLANG_WARN_INT_CONVERSION = YES;
				CLANG_WARN_OBJC_ROOT_CLASS = YES_ERROR;
				CLANG_WARN_SUSPICIOUS_MOVE = YES;
				CLANG_WARN_UNREACHABLE_CODE = YES;
				CLANG_WARN__DUPLICATE_METHOD_MATCH = YES;
				"CODE_SIGN_IDENTITY[sdk=iphoneos*]" = "iPhone Developer";
				COPY_PHASE_STRIP = NO;
				DEBUG_INFORMATION_FORMAT = dwarf;
				ENABLE_STRICT_OBJC_MSGSEND = YES;
				ENABLE_TESTABILITY = YES;
				GCC_C_LANGUAGE_STANDARD = gnu99;
				GCC_DYNAMIC_NO_PIC = NO;
				GCC_NO_COMMON_BLOCKS = YES;
				GCC_OPTIMIZATION_LEVEL = 0;
				GCC_PREPROCESSOR_DEFINITIONS = (
					"DEBUG=1",
					"$(inherited)",
				);
				GCC_WARN_64_TO_32_BIT_CONVERSION = YES;
				GCC_WARN_ABOUT_RETURN_TYPE = YES_ERROR;
				GCC_WARN_UNDECLARED_SELECTOR = YES;
				GCC_WARN_UNINITIALIZED_AUTOS = YES_AGGRESSIVE;
				GCC_WARN_UNUSED_FUNCTION = YES;
				GCC_WARN_UNUSED_VARIABLE = YES;
				IPHONEOS_DEPLOYMENT_TARGET = 10.2;
				MTL_ENABLE_DEBUG_INFO = YES;
				ONLY_ACTIVE_ARCH = YES;
				SDKROOT = iphoneos;
				SWIFT_ACTIVE_COMPILATION_CONDITIONS = DEBUG;
				SWIFT_OPTIMIZATION_LEVEL = "-Onone";
			};
			name = Debug;
		};
		CB89AE761E93DE6400208E71 /* Release */ = {
			isa = XCBuildConfiguration;
			buildSettings = {
				ALWAYS_SEARCH_USER_PATHS = NO;
				CLANG_ANALYZER_NONNULL = YES;
				CLANG_CXX_LANGUAGE_STANDARD = "gnu++0x";
				CLANG_CXX_LIBRARY = "libc++";
				CLANG_ENABLE_MODULES = YES;
				CLANG_ENABLE_OBJC_ARC = YES;
				CLANG_WARN_BOOL_CONVERSION = YES;
				CLANG_WARN_CONSTANT_CONVERSION = YES;
				CLANG_WARN_DIRECT_OBJC_ISA_USAGE = YES_ERROR;
				CLANG_WARN_DOCUMENTATION_COMMENTS = YES;
				CLANG_WARN_EMPTY_BODY = YES;
				CLANG_WARN_ENUM_CONVERSION = YES;
				CLANG_WARN_INFINITE_RECURSION = YES;
				CLANG_WARN_INT_CONVERSION = YES;
				CLANG_WARN_OBJC_ROOT_CLASS = YES_ERROR;
				CLANG_WARN_SUSPICIOUS_MOVE = YES;
				CLANG_WARN_UNREACHABLE_CODE = YES;
				CLANG_WARN__DUPLICATE_METHOD_MATCH = YES;
				"CODE_SIGN_IDENTITY[sdk=iphoneos*]" = "iPhone Developer";
				COPY_PHASE_STRIP = NO;
				DEBUG_INFORMATION_FORMAT = "dwarf-with-dsym";
				ENABLE_NS_ASSERTIONS = NO;
				ENABLE_STRICT_OBJC_MSGSEND = YES;
				GCC_C_LANGUAGE_STANDARD = gnu99;
				GCC_NO_COMMON_BLOCKS = YES;
				GCC_WARN_64_TO_32_BIT_CONVERSION = YES;
				GCC_WARN_ABOUT_RETURN_TYPE = YES_ERROR;
				GCC_WARN_UNDECLARED_SELECTOR = YES;
				GCC_WARN_UNINITIALIZED_AUTOS = YES_AGGRESSIVE;
				GCC_WARN_UNUSED_FUNCTION = YES;
				GCC_WARN_UNUSED_VARIABLE = YES;
				IPHONEOS_DEPLOYMENT_TARGET = 10.2;
				MTL_ENABLE_DEBUG_INFO = NO;
				SDKROOT = iphoneos;
				SWIFT_OPTIMIZATION_LEVEL = "-Owholemodule";
				VALIDATE_PRODUCT = YES;
			};
			name = Release;
		};
		CB89AE781E93DE6400208E71 /* Debug */ = {
			isa = XCBuildConfiguration;
			buildSettings = {
				ASSETCATALOG_COMPILER_APPICON_NAME = AppIcon;
				DEVELOPMENT_TEAM = H4UQYGEL4C;
				INFOPLIST_FILE = TKOSeatGeek/Info.plist;
				LD_RUNPATH_SEARCH_PATHS = "$(inherited) @executable_path/Frameworks";
				PRODUCT_BUNDLE_IDENTIFIER = tkosolutions.TKOSeatGeek;
				PRODUCT_NAME = "$(TARGET_NAME)";
				SWIFT_VERSION = 3.0;
			};
			name = Debug;
		};
		CB89AE791E93DE6400208E71 /* Release */ = {
			isa = XCBuildConfiguration;
			buildSettings = {
				ASSETCATALOG_COMPILER_APPICON_NAME = AppIcon;
				DEVELOPMENT_TEAM = H4UQYGEL4C;
				INFOPLIST_FILE = TKOSeatGeek/Info.plist;
				LD_RUNPATH_SEARCH_PATHS = "$(inherited) @executable_path/Frameworks";
				PRODUCT_BUNDLE_IDENTIFIER = tkosolutions.TKOSeatGeek;
				PRODUCT_NAME = "$(TARGET_NAME)";
				SWIFT_VERSION = 3.0;
			};
			name = Release;
		};
		CB89AE7B1E93DE6400208E71 /* Debug */ = {
			isa = XCBuildConfiguration;
			buildSettings = {
				ALWAYS_EMBED_SWIFT_STANDARD_LIBRARIES = YES;
				BUNDLE_LOADER = "$(TEST_HOST)";
				DEVELOPMENT_TEAM = H4UQYGEL4C;
				INFOPLIST_FILE = TKOSeatGeekTests/Info.plist;
				LD_RUNPATH_SEARCH_PATHS = "$(inherited) @executable_path/Frameworks @loader_path/Frameworks";
				PRODUCT_BUNDLE_IDENTIFIER = tkosolutions.TKOSeatGeekTests;
				PRODUCT_NAME = "$(TARGET_NAME)";
				SWIFT_VERSION = 3.0;
				TEST_HOST = "$(BUILT_PRODUCTS_DIR)/TKOSeatGeek.app/TKOSeatGeek";
			};
			name = Debug;
		};
		CB89AE7C1E93DE6400208E71 /* Release */ = {
			isa = XCBuildConfiguration;
			buildSettings = {
				ALWAYS_EMBED_SWIFT_STANDARD_LIBRARIES = YES;
				BUNDLE_LOADER = "$(TEST_HOST)";
				DEVELOPMENT_TEAM = H4UQYGEL4C;
				INFOPLIST_FILE = TKOSeatGeekTests/Info.plist;
				LD_RUNPATH_SEARCH_PATHS = "$(inherited) @executable_path/Frameworks @loader_path/Frameworks";
				PRODUCT_BUNDLE_IDENTIFIER = tkosolutions.TKOSeatGeekTests;
				PRODUCT_NAME = "$(TARGET_NAME)";
				SWIFT_VERSION = 3.0;
				TEST_HOST = "$(BUILT_PRODUCTS_DIR)/TKOSeatGeek.app/TKOSeatGeek";
			};
			name = Release;
		};
/* End XCBuildConfiguration section */

/* Begin XCConfigurationList section */
		CB89AE551E93DE6400208E71 /* Build configuration list for PBXProject "TKOSeatGeek" */ = {
			isa = XCConfigurationList;
			buildConfigurations = (
				CB89AE751E93DE6400208E71 /* Debug */,
				CB89AE761E93DE6400208E71 /* Release */,
			);
			defaultConfigurationIsVisible = 0;
			defaultConfigurationName = Release;
		};
		CB89AE771E93DE6400208E71 /* Build configuration list for PBXNativeTarget "TKOSeatGeek" */ = {
			isa = XCConfigurationList;
			buildConfigurations = (
				CB89AE781E93DE6400208E71 /* Debug */,
				CB89AE791E93DE6400208E71 /* Release */,
			);
			defaultConfigurationIsVisible = 0;
		};
		CB89AE7A1E93DE6400208E71 /* Build configuration list for PBXNativeTarget "TKOSeatGeekTests" */ = {
			isa = XCConfigurationList;
			buildConfigurations = (
				CB89AE7B1E93DE6400208E71 /* Debug */,
				CB89AE7C1E93DE6400208E71 /* Release */,
			);
			defaultConfigurationIsVisible = 0;
		};
/* End XCConfigurationList section */
	};
	rootObject = CB89AE521E93DE6400208E71 /* Project object */;
}
